<?xml version="1.0" encoding="utf-8"?>
<Project ToolsVersion="4.0" xmlns="http://schemas.microsoft.com/developer/msbuild/2003">
  <ItemGroup>
    <ClCompile Include="cube.cpp" />
    <ClCompile Include="customSlider.cpp" />
    <ClCompile Include="model.cpp" />
    <ClCompile Include="Renderer.cpp" />
    <ClCompile Include="strangevismoviemaker.cpp" />
    <ClCompile Include="main.cpp" />
    <ClCompile Include="histogram.cpp" />
  </ItemGroup>
  <ItemGroup>
    <ClInclude Include="cube.h" />
    <ClInclude Include="customSlider.h" />
    <ClInclude Include="histogram.h" />
  </ItemGroup>
  <ItemGroup>
    <QtMoc Include="strangevismoviemaker.h" />
    <QtMoc Include="Renderer.h" />
    <QtMoc Include="model.h" />
  </ItemGroup>
  <ItemGroup>
    <QtRcc Include="strangevismoviemaker.qrc" />
  </ItemGroup>
  <ItemGroup>
    <QtUic Include="strangevismoviemaker.ui" />
  </ItemGroup>
</Project>