<?xml version="1.0" encoding="utf-8"?>
<Project ToolsVersion="4.0" xmlns="http://schemas.microsoft.com/developer/msbuild/2003">
  <ItemGroup>
    <ClCompile Include="customSlider.cpp" />
    <ClCompile Include="model.cpp" />
    <ClCompile Include="Renderer.cpp" />
    <ClCompile Include="strangevismoviemaker.cpp" />
    <ClCompile Include="main.cpp" />
    <ClCompile Include="histogram.cpp" />
    <ClCompile Include="keyframeHandler.cpp" />
    <ClCompile Include="keyframes.cpp" />
    <ClCompile Include="interpolation.cpp" />
    <ClCompile Include="histogramChartView.cpp" />
    <ClCompile Include="layer.cpp" />
    <ClCompile Include="layerHandler.cpp" />
    <ClCompile Include="transferFunction.cpp" />
    <ClCompile Include="colorSlot.cpp" />
  </ItemGroup>
  <ItemGroup>
    <ClInclude Include="interpolation.h" />
    <ClInclude Include="model.h" />
  </ItemGroup>
  <ItemGroup>
    <ClCompile Include="strangevismoviemaker.cpp">
      <Filter>Source Files</Filter>
    </ClCompile>
    <ClCompile Include="main.cpp">
      <Filter>Source Files</Filter>
    </ClCompile>
    <ClCompile Include="customSlider.cpp">
      <Filter>Source Files</Filter>
    </ClCompile>
    <ClCompile Include="model.cpp">
      <Filter>Source Files</Filter>
    </ClCompile>
    <ClCompile Include="Renderer.cpp">
      <Filter>Source Files</Filter>
    </ClCompile>
  </ItemGroup>
  <ItemGroup>
    <QtMoc Include="strangevismoviemaker.h" />
    <QtMoc Include="Renderer.h" />
    <QtMoc Include="keyframeHandler.h" />
    <QtMoc Include="keyframes.h" />
    <QtMoc Include="customSlider.h" />
    <QtMoc Include="histogramChartView.h" />
    <QtMoc Include="layerHandler.h" />
    <QtMoc Include="layer.h" />
    <QtMoc Include="histogram.h" />
    <QtMoc Include="colorSlot.h" />
    <QtMoc Include="model.h" />
    <QtMoc Include="transferFunction.h" />
  </ItemGroup>
  <ItemGroup>
    <QtRcc Include="strangevismoviemaker.qrc" />
  </ItemGroup>
  <ItemGroup>
    <QtUic Include="strangevismoviemaker.ui" />
  </ItemGroup>
  <ItemGroup>
    <None Include="Shaders\fragmentShader.glsl" />
    <None Include="Shaders\raycast-fs.glsl" />
    <None Include="Shaders\raycast-vs.glsl" />
    <None Include="Shaders\vertexShader.glsl" />
  </ItemGroup>
</Project>